// !$*UTF8*$!
{
	archiveVersion = 1;
	classes = {
	};
	objectVersion = 50;
	objects = {

/* Begin PBXBuildFile section */
		959B9C65235B635800171DD8 /* AppDelegate.swift in Sources */ = {isa = PBXBuildFile; fileRef = 959B9C64235B635800171DD8 /* AppDelegate.swift */; };
		959B9C67235B635800171DD8 /* SceneDelegate.swift in Sources */ = {isa = PBXBuildFile; fileRef = 959B9C66235B635800171DD8 /* SceneDelegate.swift */; };
		959B9C69235B635800171DD8 /* ContentView.swift in Sources */ = {isa = PBXBuildFile; fileRef = 959B9C68235B635800171DD8 /* ContentView.swift */; };
		959B9C6B235B635900171DD8 /* Assets.xcassets in Resources */ = {isa = PBXBuildFile; fileRef = 959B9C6A235B635900171DD8 /* Assets.xcassets */; };
		959B9C6E235B635900171DD8 /* Preview Assets.xcassets in Resources */ = {isa = PBXBuildFile; fileRef = 959B9C6D235B635900171DD8 /* Preview Assets.xcassets */; };
		959B9C71235B635900171DD8 /* LaunchScreen.storyboard in Resources */ = {isa = PBXBuildFile; fileRef = 959B9C6F235B635900171DD8 /* LaunchScreen.storyboard */; };
/* End PBXBuildFile section */

/* Begin PBXFileReference section */
		959B9C61235B635800171DD8 /* WorkingWithDates.app */ = {isa = PBXFileReference; explicitFileType = wrapper.application; includeInIndex = 0; path = WorkingWithDates.app; sourceTree = BUILT_PRODUCTS_DIR; };
		959B9C64235B635800171DD8 /* AppDelegate.swift */ = {isa = PBXFileReference; lastKnownFileType = sourcecode.swift; path = AppDelegate.swift; sourceTree = "<group>"; };
		959B9C66235B635800171DD8 /* SceneDelegate.swift */ = {isa = PBXFileReference; lastKnownFileType = sourcecode.swift; path = SceneDelegate.swift; sourceTree = "<group>"; };
		959B9C68235B635800171DD8 /* ContentView.swift */ = {isa = PBXFileReference; lastKnownFileType = sourcecode.swift; path = ContentView.swift; sourceTree = "<group>"; };
		959B9C6A235B635900171DD8 /* Assets.xcassets */ = {isa = PBXFileReference; lastKnownFileType = folder.assetcatalog; path = Assets.xcassets; sourceTree = "<group>"; };
		959B9C6D235B635900171DD8 /* Preview Assets.xcassets */ = {isa = PBXFileReference; lastKnownFileType = folder.assetcatalog; path = "Preview Assets.xcassets"; sourceTree = "<group>"; };
		959B9C70235B635900171DD8 /* Base */ = {isa = PBXFileReference; lastKnownFileType = file.storyboard; name = Base; path = Base.lproj/LaunchScreen.storyboard; sourceTree = "<group>"; };
		959B9C72235B635900171DD8 /* Info.plist */ = {isa = PBXFileReference; lastKnownFileType = text.plist.xml; path = Info.plist; sourceTree = "<group>"; };
/* End PBXFileReference section */

/* Begin PBXFrameworksBuildPhase section */
		959B9C5E235B635800171DD8 /* Frameworks */ = {
			isa = PBXFrameworksBuildPhase;
			buildActionMask = 2147483647;
			files = (
			);
			runOnlyForDeploymentPostprocessing = 0;
		};
/* End PBXFrameworksBuildPhase section */

/* Begin PBXGroup section */
		959B9C58235B635800171DD8 = {
			isa = PBXGroup;
			children = (
				959B9C63235B635800171DD8 /* WorkingWithDates */,
				959B9C62235B635800171DD8 /* Products */,
			);
			sourceTree = "<group>";
		};
		959B9C62235B635800171DD8 /* Products */ = {
			isa = PBXGroup;
			children = (
				959B9C61235B635800171DD8 /* WorkingWithDates.app */,
			);
			name = Products;
			sourceTree = "<group>";
		};
		959B9C63235B635800171DD8 /* WorkingWithDates */ = {
			isa = PBXGroup;
			children = (
				959B9C64235B635800171DD8 /* AppDelegate.swift */,
				959B9C66235B635800171DD8 /* SceneDelegate.swift */,
				959B9C68235B635800171DD8 /* ContentView.swift */,
				959B9C6A235B635900171DD8 /* Assets.xcassets */,
				959B9C6F235B635900171DD8 /* LaunchScreen.storyboard */,
				959B9C72235B635900171DD8 /* Info.plist */,
				959B9C6C235B635900171DD8 /* Preview Content */,
			);
			path = WorkingWithDates;
			sourceTree = "<group>";
		};
		959B9C6C235B635900171DD8 /* Preview Content */ = {
			isa = PBXGroup;
			children = (
				959B9C6D235B635900171DD8 /* Preview Assets.xcassets */,
			);
			path = "Preview Content";
			sourceTree = "<group>";
		};
/* End PBXGroup section */

/* Begin PBXNativeTarget section */
		959B9C60235B635800171DD8 /* WorkingWithDates */ = {
			isa = PBXNativeTarget;
			buildConfigurationList = 959B9C75235B635900171DD8 /* Build configuration list for PBXNativeTarget "WorkingWithDates" */;
			buildPhases = (
				959B9C5D235B635800171DD8 /* Sources */,
				959B9C5E235B635800171DD8 /* Frameworks */,
				959B9C5F235B635800171DD8 /* Resources */,
			);
			buildRules = (
			);
			dependencies = (
			);
			name = WorkingWithDates;
			productName = WorkingWithDates;
			productReference = 959B9C61235B635800171DD8 /* WorkingWithDates.app */;
			productType = "com.apple.product-type.application";
		};
/* End PBXNativeTarget section */

/* Begin PBXProject section */
		959B9C59235B635800171DD8 /* Project object */ = {
			isa = PBXProject;
			attributes = {
				LastSwiftUpdateCheck = 1110;
				LastUpgradeCheck = 1110;
				ORGANIZATIONNAME = com.ri;
				TargetAttributes = {
					959B9C60235B635800171DD8 = {
						CreatedOnToolsVersion = 11.1;
					};
				};
			};
			buildConfigurationList = 959B9C5C235B635800171DD8 /* Build configuration list for PBXProject "WorkingWithDates" */;
			compatibilityVersion = "Xcode 9.3";
			developmentRegion = en;
			hasScannedForEncodings = 0;
			knownRegions = (
				en,
				Base,
			);
			mainGroup = 959B9C58235B635800171DD8;
			productRefGroup = 959B9C62235B635800171DD8 /* Products */;
			projectDirPath = "";
			projectRoot = "";
			targets = (
				959B9C60235B635800171DD8 /* WorkingWithDates */,
			);
		};
/* End PBXProject section */

/* Begin PBXResourcesBuildPhase section */
		959B9C5F235B635800171DD8 /* Resources */ = {
			isa = PBXResourcesBuildPhase;
			buildActionMask = 2147483647;
			files = (
				959B9C71235B635900171DD8 /* LaunchScreen.storyboard in Resources */,
				959B9C6E235B635900171DD8 /* Preview Assets.xcassets in Resources */,
				959B9C6B235B635900171DD8 /* Assets.xcassets in Resources */,
			);
			runOnlyForDeploymentPostprocessing = 0;
		};
/* End PBXResourcesBuildPhase section */

/* Begin PBXSourcesBuildPhase section */
		959B9C5D235B635800171DD8 /* Sources */ = {
			isa = PBXSourcesBuildPhase;
			buildActionMask = 2147483647;
			files = (
				959B9C65235B635800171DD8 /* AppDelegate.swift in Sources */,
				959B9C67235B635800171DD8 /* SceneDelegate.swift in Sources */,
				959B9C69235B635800171DD8 /* ContentView.swift in Sources */,
			);
			runOnlyForDeploymentPostprocessing = 0;
		};
/* End PBXSourcesBuildPhase section */

/* Begin PBXVariantGroup section */
		959B9C6F235B635900171DD8 /* LaunchScreen.storyboard */ = {
			isa = PBXVariantGroup;
			children = (
				959B9C70235B635900171DD8 /* Base */,
			);
			name = LaunchScreen.storyboard;
			sourceTree = "<group>";
		};
/* End PBXVariantGroup section */

/* Begin XCBuildConfiguration section */
		959B9C73235B635900171DD8 /* Debug */ = {
			isa = XCBuildConfiguration;
			buildSettings = {
				ALWAYS_SEARCH_USER_PATHS = NO;
				CLANG_ANALYZER_NONNULL = YES;
				CLANG_ANALYZER_NUMBER_OBJECT_CONVERSION = YES_AGGRESSIVE;
				CLANG_CXX_LANGUAGE_STANDARD = "gnu++14";
				CLANG_CXX_LIBRARY = "libc++";
				CLANG_ENABLE_MODULES = YES;
				CLANG_ENABLE_OBJC_ARC = YES;
				CLANG_ENABLE_OBJC_WEAK = YES;
				CLANG_WARN_BLOCK_CAPTURE_AUTORELEASING = YES;
				CLANG_WARN_BOOL_CONVERSION = YES;
				CLANG_WARN_COMMA = YES;
				CLANG_WARN_CONSTANT_CONVERSION = YES;
				CLANG_WARN_DEPRECATED_OBJC_IMPLEMENTATIONS = YES;
				CLANG_WARN_DIRECT_OBJC_ISA_USAGE = YES_ERROR;
				CLANG_WARN_DOCUMENTATION_COMMENTS = YES;
				CLANG_WARN_EMPTY_BODY = YES;
				CLANG_WARN_ENUM_CONVERSION = YES;
				CLANG_WARN_INFINITE_RECURSION = YES;
				CLANG_WARN_INT_CONVERSION = YES;
				CLANG_WARN_NON_LITERAL_NULL_CONVERSION = YES;
				CLANG_WARN_OBJC_IMPLICIT_RETAIN_SELF = YES;
				CLANG_WARN_OBJC_LITERAL_CONVERSION = YES;
				CLANG_WARN_OBJC_ROOT_CLASS = YES_ERROR;
				CLANG_WARN_RANGE_LOOP_ANALYSIS = YES;
				CLANG_WARN_STRICT_PROTOTYPES = YES;
				CLANG_WARN_SUSPICIOUS_MOVE = YES;
				CLANG_WARN_UNGUARDED_AVAILABILITY = YES_AGGRESSIVE;
				CLANG_WARN_UNREACHABLE_CODE = YES;
				CLANG_WARN__DUPLICATE_METHOD_MATCH = YES;
				COPY_PHASE_STRIP = NO;
				DEBUG_INFORMATION_FORMAT = dwarf;
				ENABLE_STRICT_OBJC_MSGSEND = YES;
				ENABLE_TESTABILITY = YES;
				GCC_C_LANGUAGE_STANDARD = gnu11;
				GCC_DYNAMIC_NO_PIC = NO;
				GCC_NO_COMMON_BLOCKS = YES;
				GCC_OPTIMIZATION_LEVEL = 0;
				GCC_PREPROCESSOR_DEFINITIONS = (
					"DEBUG=1",
					"$(inherited)",
				);
				GCC_WARN_64_TO_32_BIT_CONVERSION = YES;
				GCC_WARN_ABOUT_RETURN_TYPE = YES_ERROR;
				GCC_WARN_UNDECLARED_SELECTOR = YES;
				GCC_WARN_UNINITIALIZED_AUTOS = YES_AGGRESSIVE;
				GCC_WARN_UNUSED_FUNCTION = YES;
				GCC_WARN_UNUSED_VARIABLE = YES;
				IPHONEOS_DEPLOYMENT_TARGET = 13.1;
				MTL_ENABLE_DEBUG_INFO = INCLUDE_SOURCE;
				MTL_FAST_MATH = YES;
				ONLY_ACTIVE_ARCH = YES;
				SDKROOT = iphoneos;
				SWIFT_ACTIVE_COMPILATION_CONDITIONS = DEBUG;
				SWIFT_OPTIMIZATION_LEVEL = "-Onone";
			};
			name = Debug;
		};
		959B9C74235B635900171DD8 /* Release */ = {
			isa = XCBuildConfiguration;
			buildSettings = {
				ALWAYS_SEARCH_USER_PATHS = NO;
				CLANG_ANALYZER_NONNULL = YES;
				CLANG_ANALYZER_NUMBER_OBJECT_CONVERSION = YES_AGGRESSIVE;
				CLANG_CXX_LANGUAGE_STANDARD = "gnu++14";
				CLANG_CXX_LIBRARY = "libc++";
				CLANG_ENABLE_MODULES = YES;
				CLANG_ENABLE_OBJC_ARC = YES;
				CLANG_ENABLE_OBJC_WEAK = YES;
				CLANG_WARN_BLOCK_CAPTURE_AUTORELEASING = YES;
				CLANG_WARN_BOOL_CONVERSION = YES;
				CLANG_WARN_COMMA = YES;
				CLANG_WARN_CONSTANT_CONVERSION = YES;
				CLANG_WARN_DEPRECATED_OBJC_IMPLEMENTATIONS = YES;
				CLANG_WARN_DIRECT_OBJC_ISA_USAGE = YES_ERROR;
				CLANG_WARN_DOCUMENTATION_COMMENTS = YES;
				CLANG_WARN_EMPTY_BODY = YES;
				CLANG_WARN_ENUM_CONVERSION = YES;
				CLANG_WARN_INFINITE_RECURSION = YES;
				CLANG_WARN_INT_CONVERSION = YES;
				CLANG_WARN_NON_LITERAL_NULL_CONVERSION = YES;
				CLANG_WARN_OBJC_IMPLICIT_RETAIN_SELF = YES;
				CLANG_WARN_OBJC_LITERAL_CONVERSION = YES;
				CLANG_WARN_OBJC_ROOT_CLASS = YES_ERROR;
				CLANG_WARN_RANGE_LOOP_ANALYSIS = YES;
				CLANG_WARN_STRICT_PROTOTYPES = YES;
				CLANG_WARN_SUSPICIOUS_MOVE = YES;
				CLANG_WARN_UNGUARDED_AVAILABILITY = YES_AGGRESSIVE;
				CLANG_WARN_UNREACHABLE_CODE = YES;
				CLANG_WARN__DUPLICATE_METHOD_MATCH = YES;
				COPY_PHASE_STRIP = NO;
				DEBUG_INFORMATION_FORMAT = "dwarf-with-dsym";
				ENABLE_NS_ASSERTIONS = NO;
				ENABLE_STRICT_OBJC_MSGSEND = YES;
				GCC_C_LANGUAGE_STANDARD = gnu11;
				GCC_NO_COMMON_BLOCKS = YES;
				GCC_WARN_64_TO_32_BIT_CONVERSION = YES;
				GCC_WARN_ABOUT_RETURN_TYPE = YES_ERROR;
				GCC_WARN_UNDECLARED_SELECTOR = YES;
				GCC_WARN_UNINITIALIZED_AUTOS = YES_AGGRESSIVE;
				GCC_WARN_UNUSED_FUNCTION = YES;
				GCC_WARN_UNUSED_VARIABLE = YES;
				IPHONEOS_DEPLOYMENT_TARGET = 13.1;
				MTL_ENABLE_DEBUG_INFO = NO;
				MTL_FAST_MATH = YES;
				SDKROOT = iphoneos;
				SWIFT_COMPILATION_MODE = wholemodule;
				SWIFT_OPTIMIZATION_LEVEL = "-O";
				VALIDATE_PRODUCT = YES;
			};
			name = Release;
		};
		959B9C76235B635900171DD8 /* Debug */ = {
			isa = XCBuildConfiguration;
			buildSettings = {
				ASSETCATALOG_COMPILER_APPICON_NAME = AppIcon;
				CODE_SIGN_STYLE = Automatic;
				DEVELOPMENT_ASSET_PATHS = "\"WorkingWithDates/Preview Content\"";
				DEVELOPMENT_TEAM = L8W86DZDY2;
				ENABLE_PREVIEWS = YES;
				INFOPLIST_FILE = WorkingWithDates/Info.plist;
				LD_RUNPATH_SEARCH_PATHS = (
					"$(inherited)",
					"@executable_path/Frameworks",
				);
				PRODUCT_BUNDLE_IDENTIFIER = com.ri.WorkingWithDates;
				PRODUCT_NAME = "$(TARGET_NAME)";
				SWIFT_VERSION = 5.0;
				TARGETED_DEVICE_FAMILY = "1,2";
			};
			name = Debug;
		};
		959B9C77235B635900171DD8 /* Release */ = {
			isa = XCBuildConfiguration;
			buildSettings = {
				ASSETCATALOG_COMPILER_APPICON_NAME = AppIcon;
				CODE_SIGN_STYLE = Automatic;
				DEVELOPMENT_ASSET_PATHS = "\"WorkingWithDates/Preview Content\"";
				DEVELOPMENT_TEAM = L8W86DZDY2;
				ENABLE_PREVIEWS = YES;
				INFOPLIST_FILE = WorkingWithDates/Info.plist;
				LD_RUNPATH_SEARCH_PATHS = (
					"$(inherited)",
					"@executable_path/Frameworks",
				);
				PRODUCT_BUNDLE_IDENTIFIER = com.ri.WorkingWithDates;
				PRODUCT_NAME = "$(TARGET_NAME)";
				SWIFT_VERSION = 5.0;
				TARGETED_DEVICE_FAMILY = "1,2";
			};
			name = Release;
		};
/* End XCBuildConfiguration section */

/* Begin XCConfigurationList section */
		959B9C5C235B635800171DD8 /* Build configuration list for PBXProject "WorkingWithDates" */ = {
			isa = XCConfigurationList;
			buildConfigurations = (
				959B9C73235B635900171DD8 /* Debug */,
				959B9C74235B635900171DD8 /* Release */,
			);
			defaultConfigurationIsVisible = 0;
			defaultConfigurationName = Release;
		};
		959B9C75235B635900171DD8 /* Build configuration list for PBXNativeTarget "WorkingWithDates" */ = {
			isa = XCConfigurationList;
			buildConfigurations = (
				959B9C76235B635900171DD8 /* Debug */,
				959B9C77235B635900171DD8 /* Release */,
			);
			defaultConfigurationIsVisible = 0;
			defaultConfigurationName = Release;
		};
/* End XCConfigurationList section */
	};
	rootObject = 959B9C59235B635800171DD8 /* Project object */;
}
